
Microsoft Visual Studio Solution File, Format Version 12.00
# Visual Studio Version 17
VisualStudioVersion = 17.6.33829.357
MinimumVisualStudioVersion = 10.0.40219.1
Project("{FAE04EC0-301F-11D3-BF4B-00C04F79EFBC}") = "BookLending", "BookLending\BookLending.csproj", "{1C965FC7-3522-455F-B6DE-A4D13A753A3A}"
EndProject
Global
	GlobalSection(SolutionConfigurationPlatforms) = preSolution
		Debug|Any CPU = Debug|Any CPU
		Release|Any CPU = Release|Any CPU
	EndGlobalSection
	GlobalSection(ProjectConfigurationPlatforms) = postSolution
		{1C965FC7-3522-455F-B6DE-A4D13A753A3A}.Debug|Any CPU.ActiveCfg = Debug|Any CPU
		{1C965FC7-3522-455F-B6DE-A4D13A753A3A}.Debug|Any CPU.Build.0 = Debug|Any CPU
		{1C965FC7-3522-455F-B6DE-A4D13A753A3A}.Release|Any CPU.ActiveCfg = Release|Any CPU
		{1C965FC7-3522-455F-B6DE-A4D13A753A3A}.Release|Any CPU.Build.0 = Release|Any CPU
	EndGlobalSection
	GlobalSection(SolutionProperties) = preSolution
		HideSolutionNode = FALSE
	EndGlobalSection
	GlobalSection(ExtensibilityGlobals) = postSolution
		SolutionGuid = {12110F6A-9DBF-4A8F-BE21-CAC99704D0B6}
	EndGlobalSection
EndGlobal
